
Microsoft Visual Studio Solution File, Format Version 12.00
# Visual Studio Version 17
VisualStudioVersion = 17.14.36301.6
MinimumVisualStudioVersion = 10.0.40219.1
Project("{FAE04EC0-301F-11D3-BF4B-00C04F79EFBC}") = "001-HelloWorld", "001-HelloWorld\001-HelloWorld.csproj", "{298E4E89-CF5B-423D-B93D-E90A5016A293}"
EndProject
Global
	GlobalSection(SolutionConfigurationPlatforms) = preSolution
		Debug|Any CPU = Debug|Any CPU
		Release|Any CPU = Release|Any CPU
	EndGlobalSection
	GlobalSection(ProjectConfigurationPlatforms) = postSolution
		{298E4E89-CF5B-423D-B93D-E90A5016A293}.Debug|Any CPU.ActiveCfg = Debug|Any CPU
		{298E4E89-CF5B-423D-B93D-E90A5016A293}.Debug|Any CPU.Build.0 = Debug|Any CPU
		{298E4E89-CF5B-423D-B93D-E90A5016A293}.Release|Any CPU.ActiveCfg = Release|Any CPU
		{298E4E89-CF5B-423D-B93D-E90A5016A293}.Release|Any CPU.Build.0 = Release|Any CPU
	EndGlobalSection
	GlobalSection(SolutionProperties) = preSolution
		HideSolutionNode = FALSE
	EndGlobalSection
	GlobalSection(ExtensibilityGlobals) = postSolution
		SolutionGuid = {95057043-20BF-4579-AD2E-28A81685348A}
	EndGlobalSection
EndGlobal
